
Microsoft Visual Studio Solution File, Format Version 12.00
# Visual Studio Version 17
VisualStudioVersion = 17.4.32804.182
MinimumVisualStudioVersion = 10.0.40219.1
Project("{9A19103F-16F7-4668-BE54-9A1E7A4F7556}") = "IThink.Sqlsugar", "IThink.Sqlsugar\IThink.Sqlsugar.csproj", "{27161A7A-0087-4E9D-BBD3-7FE67B9A0B4D}"
EndProject
Global
	GlobalSection(SolutionConfigurationPlatforms) = preSolution
		Debug|Any CPU = Debug|Any CPU
		Release|Any CPU = Release|Any CPU
	EndGlobalSection
	GlobalSection(ProjectConfigurationPlatforms) = postSolution
		{27161A7A-0087-4E9D-BBD3-7FE67B9A0B4D}.Debug|Any CPU.ActiveCfg = Debug|Any CPU
		{27161A7A-0087-4E9D-BBD3-7FE67B9A0B4D}.Debug|Any CPU.Build.0 = Debug|Any CPU
		{27161A7A-0087-4E9D-BBD3-7FE67B9A0B4D}.Release|Any CPU.ActiveCfg = Release|Any CPU
		{27161A7A-0087-4E9D-BBD3-7FE67B9A0B4D}.Release|Any CPU.Build.0 = Release|Any CPU
	EndGlobalSection
	GlobalSection(SolutionProperties) = preSolution
		HideSolutionNode = FALSE
	EndGlobalSection
	GlobalSection(ExtensibilityGlobals) = postSolution
		SolutionGuid = {73603A93-E807-4B9D-BB6F-32D98C558F8C}
	EndGlobalSection
EndGlobal
